
Microsoft Visual Studio Solution File, Format Version 12.00
# Visual Studio 2012
Project("{FAE04EC0-301F-11D3-BF4B-00C04F79EFBC}") = "MHMonstersElements", "MHMonstersElements\MHMonstersElements.csproj", "{747BDCB5-1CDB-4269-803A-D697D9F0B1C6}"
EndProject
Global
	GlobalSection(SolutionConfigurationPlatforms) = preSolution
		Debug|Any CPU = Debug|Any CPU
		Release|Any CPU = Release|Any CPU
	EndGlobalSection
	GlobalSection(ProjectConfigurationPlatforms) = postSolution
		{747BDCB5-1CDB-4269-803A-D697D9F0B1C6}.Debug|Any CPU.ActiveCfg = Debug|Any CPU
		{747BDCB5-1CDB-4269-803A-D697D9F0B1C6}.Debug|Any CPU.Build.0 = Debug|Any CPU
		{747BDCB5-1CDB-4269-803A-D697D9F0B1C6}.Release|Any CPU.ActiveCfg = Release|Any CPU
		{747BDCB5-1CDB-4269-803A-D697D9F0B1C6}.Release|Any CPU.Build.0 = Release|Any CPU
	EndGlobalSection
	GlobalSection(SolutionProperties) = preSolution
		HideSolutionNode = FALSE
	EndGlobalSection
EndGlobal
